
Microsoft Visual Studio Solution File, Format Version 12.00
# Visual Studio Version 16
VisualStudioVersion = 16.0.29326.143
MinimumVisualStudioVersion = 10.0.40219.1
Project("{FAE04EC0-301F-11D3-BF4B-00C04F79EFBC}") = "LogViewerProject", "LogViewerProject\LogViewerProject.csproj", "{9A88669F-9BC1-4C03-A286-B277BC917CCD}"
EndProject
Global
	GlobalSection(SolutionConfigurationPlatforms) = preSolution
		Debug|Any CPU = Debug|Any CPU
		Release|Any CPU = Release|Any CPU
	EndGlobalSection
	GlobalSection(ProjectConfigurationPlatforms) = postSolution
		{9A88669F-9BC1-4C03-A286-B277BC917CCD}.Debug|Any CPU.ActiveCfg = Debug|Any CPU
		{9A88669F-9BC1-4C03-A286-B277BC917CCD}.Debug|Any CPU.Build.0 = Debug|Any CPU
		{9A88669F-9BC1-4C03-A286-B277BC917CCD}.Release|Any CPU.ActiveCfg = Release|Any CPU
		{9A88669F-9BC1-4C03-A286-B277BC917CCD}.Release|Any CPU.Build.0 = Release|Any CPU
	EndGlobalSection
	GlobalSection(SolutionProperties) = preSolution
		HideSolutionNode = FALSE
	EndGlobalSection
	GlobalSection(ExtensibilityGlobals) = postSolution
		SolutionGuid = {667A3B01-32EE-4EF7-B718-98D53C730D5A}
	EndGlobalSection
EndGlobal
